
Microsoft Visual Studio Solution File, Format Version 12.00
# Visual Studio Version 16
VisualStudioVersion = 16.0.30114.105
MinimumVisualStudioVersion = 10.0.40219.1
Project("{FAE04EC0-301F-11D3-BF4B-00C04F79EFBC}") = "Shapes.Application", "Shapes.Application.csproj", "{8BECA9AB-E959-4C43-91D9-21EBDF236DC9}"
EndProject
Project("{FAE04EC0-301F-11D3-BF4B-00C04F79EFBC}") = "Shapes.BLL.UnitTests", "..\SpreadEx-Shapes-WillW.UnitTests\Shapes.BLL.UnitTests.csproj", "{63CE8C73-8FA2-4F38-AF63-BFFE14AE8DA4}"
EndProject
Project("{FAE04EC0-301F-11D3-BF4B-00C04F79EFBC}") = "Shapes.BLL", "..\SpreadEx-Shapes-WillW.BLL\Shapes.BLL.csproj", "{2568FDEB-42BB-44FC-B73F-A96276BF1888}"
EndProject
Global
	GlobalSection(SolutionConfigurationPlatforms) = preSolution
		Debug|Any CPU = Debug|Any CPU
		Release|Any CPU = Release|Any CPU
	EndGlobalSection
	GlobalSection(ProjectConfigurationPlatforms) = postSolution
		{8BECA9AB-E959-4C43-91D9-21EBDF236DC9}.Debug|Any CPU.ActiveCfg = Debug|Any CPU
		{8BECA9AB-E959-4C43-91D9-21EBDF236DC9}.Debug|Any CPU.Build.0 = Debug|Any CPU
		{8BECA9AB-E959-4C43-91D9-21EBDF236DC9}.Release|Any CPU.ActiveCfg = Release|Any CPU
		{8BECA9AB-E959-4C43-91D9-21EBDF236DC9}.Release|Any CPU.Build.0 = Release|Any CPU
		{63CE8C73-8FA2-4F38-AF63-BFFE14AE8DA4}.Debug|Any CPU.ActiveCfg = Debug|Any CPU
		{63CE8C73-8FA2-4F38-AF63-BFFE14AE8DA4}.Debug|Any CPU.Build.0 = Debug|Any CPU
		{63CE8C73-8FA2-4F38-AF63-BFFE14AE8DA4}.Release|Any CPU.ActiveCfg = Release|Any CPU
		{63CE8C73-8FA2-4F38-AF63-BFFE14AE8DA4}.Release|Any CPU.Build.0 = Release|Any CPU
		{2568FDEB-42BB-44FC-B73F-A96276BF1888}.Debug|Any CPU.ActiveCfg = Debug|Any CPU
		{2568FDEB-42BB-44FC-B73F-A96276BF1888}.Debug|Any CPU.Build.0 = Debug|Any CPU
		{2568FDEB-42BB-44FC-B73F-A96276BF1888}.Release|Any CPU.ActiveCfg = Release|Any CPU
		{2568FDEB-42BB-44FC-B73F-A96276BF1888}.Release|Any CPU.Build.0 = Release|Any CPU
	EndGlobalSection
	GlobalSection(SolutionProperties) = preSolution
		HideSolutionNode = FALSE
	EndGlobalSection
	GlobalSection(ExtensibilityGlobals) = postSolution
		SolutionGuid = {EA154412-6927-482B-8266-F4FF8D2B14A6}
	EndGlobalSection
EndGlobal
